
Microsoft Visual Studio Solution File, Format Version 12.00
# Visual Studio Version 16
VisualStudioVersion = 16.0.31410.357
MinimumVisualStudioVersion = 10.0.40219.1
Project("{FAE04EC0-301F-11D3-BF4B-00C04F79EFBC}") = "SimpleMongoAPI", "SimpleMongoAPI\SimpleMongoAPI.csproj", "{BDCBC75A-49D4-4704-97DA-B613313F6C9A}"
EndProject
Global
	GlobalSection(SolutionConfigurationPlatforms) = preSolution
		Debug|Any CPU = Debug|Any CPU
		Release|Any CPU = Release|Any CPU
	EndGlobalSection
	GlobalSection(ProjectConfigurationPlatforms) = postSolution
		{BDCBC75A-49D4-4704-97DA-B613313F6C9A}.Debug|Any CPU.ActiveCfg = Debug|Any CPU
		{BDCBC75A-49D4-4704-97DA-B613313F6C9A}.Debug|Any CPU.Build.0 = Debug|Any CPU
		{BDCBC75A-49D4-4704-97DA-B613313F6C9A}.Release|Any CPU.ActiveCfg = Release|Any CPU
		{BDCBC75A-49D4-4704-97DA-B613313F6C9A}.Release|Any CPU.Build.0 = Release|Any CPU
	EndGlobalSection
	GlobalSection(SolutionProperties) = preSolution
		HideSolutionNode = FALSE
	EndGlobalSection
	GlobalSection(ExtensibilityGlobals) = postSolution
		SolutionGuid = {CA3C1143-6D97-45B8-A328-E0121B77A70F}
	EndGlobalSection
EndGlobal
